
Microsoft Visual Studio Solution File, Format Version 12.00
# Visual Studio Version 16
VisualStudioVersion = 16.0.29728.190
MinimumVisualStudioVersion = 10.0.40219.1
Project("{FAE04EC0-301F-11D3-BF4B-00C04F79EFBC}") = "Codykyl", "Codykyl\Codykyl.csproj", "{B7DDB9D5-A49A-46BD-95BE-E5613B6BF4D9}"
EndProject
Global
	GlobalSection(SolutionConfigurationPlatforms) = preSolution
		Debug|Any CPU = Debug|Any CPU
		Release|Any CPU = Release|Any CPU
	EndGlobalSection
	GlobalSection(ProjectConfigurationPlatforms) = postSolution
		{B7DDB9D5-A49A-46BD-95BE-E5613B6BF4D9}.Debug|Any CPU.ActiveCfg = Debug|Any CPU
		{B7DDB9D5-A49A-46BD-95BE-E5613B6BF4D9}.Debug|Any CPU.Build.0 = Debug|Any CPU
		{B7DDB9D5-A49A-46BD-95BE-E5613B6BF4D9}.Release|Any CPU.ActiveCfg = Release|Any CPU
		{B7DDB9D5-A49A-46BD-95BE-E5613B6BF4D9}.Release|Any CPU.Build.0 = Release|Any CPU
	EndGlobalSection
	GlobalSection(SolutionProperties) = preSolution
		HideSolutionNode = FALSE
	EndGlobalSection
	GlobalSection(ExtensibilityGlobals) = postSolution
		SolutionGuid = {42D6FEB8-F3D1-42B7-9FBD-7EA6F1E7365D}
	EndGlobalSection
EndGlobal
